
Microsoft Visual Studio Solution File, Format Version 12.00
# Visual Studio Version 16
VisualStudioVersion = 25.0.1706.7
MinimumVisualStudioVersion = 10.0.40219.1
Project("{CAACE6CE-3A57-4566-B373-CB109E605952}") = "DockerBlazorApp", "DockerBlazorApp\DockerBlazorApp.csproj", "{131976C0-7B14-4647-B9C8-319577846D43}"
EndProject
Global
	GlobalSection(SolutionConfigurationPlatforms) = preSolution
		Debug|Any CPU = Debug|Any CPU
		Release|Any CPU = Release|Any CPU
	EndGlobalSection
	GlobalSection(ProjectConfigurationPlatforms) = postSolution
		{131976C0-7B14-4647-B9C8-319577846D43}.Debug|Any CPU.ActiveCfg = Debug|Any CPU
		{131976C0-7B14-4647-B9C8-319577846D43}.Debug|Any CPU.Build.0 = Debug|Any CPU
		{131976C0-7B14-4647-B9C8-319577846D43}.Release|Any CPU.ActiveCfg = Release|Any CPU
		{131976C0-7B14-4647-B9C8-319577846D43}.Release|Any CPU.Build.0 = Release|Any CPU
	EndGlobalSection
	GlobalSection(SolutionProperties) = preSolution
		HideSolutionNode = FALSE
	EndGlobalSection
	GlobalSection(ExtensibilityGlobals) = postSolution
		SolutionGuid = {ECFD9C38-4745-423B-AF47-2B5D88103DD1}
	EndGlobalSection
EndGlobal
