
Microsoft Visual Studio Solution File, Format Version 12.00
# Visual Studio Version 17
VisualStudioVersion = 17.0.31903.59
MinimumVisualStudioVersion = 10.0.40219.1
Project("{2150E333-8FDC-42A3-9474-1A3956D46DE8}") = "T1694183", "T1694183", "{E72D4358-082B-A65B-5E71-30B6AFF79371}"
EndProject
Project("{FAE04EC0-301F-11D3-BF4B-00C04F79EFBC}") = "T1694183", "T1694183\T1694183\T1694183.csproj", "{FD640D24-0FB7-4FC8-BFA8-C12F6585B650}"
EndProject
Project("{FAE04EC0-301F-11D3-BF4B-00C04F79EFBC}") = "T1694183.Client", "T1694183\T1694183.Client\T1694183.Client.csproj", "{65288FFD-2E88-475E-BE96-1BD095F47F44}"
EndProject
Project("{FAE04EC0-301F-11D3-BF4B-00C04F79EFBC}") = "T1694183.Shared", "T1694183\T1694183.Shared\T1694183.Shared.csproj", "{07270EA0-5A7A-4CAE-BFB7-B9EF4C2C55B2}"
EndProject
Global
	GlobalSection(SolutionConfigurationPlatforms) = preSolution
		Debug|Any CPU = Debug|Any CPU
		Debug|x64 = Debug|x64
		Debug|x86 = Debug|x86
		Release|Any CPU = Release|Any CPU
		Release|x64 = Release|x64
		Release|x86 = Release|x86
	EndGlobalSection
	GlobalSection(ProjectConfigurationPlatforms) = postSolution
		{FD640D24-0FB7-4FC8-BFA8-C12F6585B650}.Debug|Any CPU.ActiveCfg = Debug|Any CPU
		{FD640D24-0FB7-4FC8-BFA8-C12F6585B650}.Debug|Any CPU.Build.0 = Debug|Any CPU
		{FD640D24-0FB7-4FC8-BFA8-C12F6585B650}.Debug|x64.ActiveCfg = Debug|Any CPU
		{FD640D24-0FB7-4FC8-BFA8-C12F6585B650}.Debug|x64.Build.0 = Debug|Any CPU
		{FD640D24-0FB7-4FC8-BFA8-C12F6585B650}.Debug|x86.ActiveCfg = Debug|Any CPU
		{FD640D24-0FB7-4FC8-BFA8-C12F6585B650}.Debug|x86.Build.0 = Debug|Any CPU
		{FD640D24-0FB7-4FC8-BFA8-C12F6585B650}.Release|Any CPU.ActiveCfg = Release|Any CPU
		{FD640D24-0FB7-4FC8-BFA8-C12F6585B650}.Release|Any CPU.Build.0 = Release|Any CPU
		{FD640D24-0FB7-4FC8-BFA8-C12F6585B650}.Release|x64.ActiveCfg = Release|Any CPU
		{FD640D24-0FB7-4FC8-BFA8-C12F6585B650}.Release|x64.Build.0 = Release|Any CPU
		{FD640D24-0FB7-4FC8-BFA8-C12F6585B650}.Release|x86.ActiveCfg = Release|Any CPU
		{FD640D24-0FB7-4FC8-BFA8-C12F6585B650}.Release|x86.Build.0 = Release|Any CPU
		{65288FFD-2E88-475E-BE96-1BD095F47F44}.Debug|Any CPU.ActiveCfg = Debug|Any CPU
		{65288FFD-2E88-475E-BE96-1BD095F47F44}.Debug|Any CPU.Build.0 = Debug|Any CPU
		{65288FFD-2E88-475E-BE96-1BD095F47F44}.Debug|x64.ActiveCfg = Debug|Any CPU
		{65288FFD-2E88-475E-BE96-1BD095F47F44}.Debug|x64.Build.0 = Debug|Any CPU
		{65288FFD-2E88-475E-BE96-1BD095F47F44}.Debug|x86.ActiveCfg = Debug|Any CPU
		{65288FFD-2E88-475E-BE96-1BD095F47F44}.Debug|x86.Build.0 = Debug|Any CPU
		{65288FFD-2E88-475E-BE96-1BD095F47F44}.Release|Any CPU.ActiveCfg = Release|Any CPU
		{65288FFD-2E88-475E-BE96-1BD095F47F44}.Release|Any CPU.Build.0 = Release|Any CPU
		{65288FFD-2E88-475E-BE96-1BD095F47F44}.Release|x64.ActiveCfg = Release|Any CPU
		{65288FFD-2E88-475E-BE96-1BD095F47F44}.Release|x64.Build.0 = Release|Any CPU
		{65288FFD-2E88-475E-BE96-1BD095F47F44}.Release|x86.ActiveCfg = Release|Any CPU
		{65288FFD-2E88-475E-BE96-1BD095F47F44}.Release|x86.Build.0 = Release|Any CPU
		{07270EA0-5A7A-4CAE-BFB7-B9EF4C2C55B2}.Debug|Any CPU.ActiveCfg = Debug|Any CPU
		{07270EA0-5A7A-4CAE-BFB7-B9EF4C2C55B2}.Debug|Any CPU.Build.0 = Debug|Any CPU
		{07270EA0-5A7A-4CAE-BFB7-B9EF4C2C55B2}.Debug|x64.ActiveCfg = Debug|Any CPU
		{07270EA0-5A7A-4CAE-BFB7-B9EF4C2C55B2}.Debug|x64.Build.0 = Debug|Any CPU
		{07270EA0-5A7A-4CAE-BFB7-B9EF4C2C55B2}.Debug|x86.ActiveCfg = Debug|Any CPU
		{07270EA0-5A7A-4CAE-BFB7-B9EF4C2C55B2}.Debug|x86.Build.0 = Debug|Any CPU
		{07270EA0-5A7A-4CAE-BFB7-B9EF4C2C55B2}.Release|Any CPU.ActiveCfg = Release|Any CPU
		{07270EA0-5A7A-4CAE-BFB7-B9EF4C2C55B2}.Release|Any CPU.Build.0 = Release|Any CPU
		{07270EA0-5A7A-4CAE-BFB7-B9EF4C2C55B2}.Release|x64.ActiveCfg = Release|Any CPU
		{07270EA0-5A7A-4CAE-BFB7-B9EF4C2C55B2}.Release|x64.Build.0 = Release|Any CPU
		{07270EA0-5A7A-4CAE-BFB7-B9EF4C2C55B2}.Release|x86.ActiveCfg = Release|Any CPU
		{07270EA0-5A7A-4CAE-BFB7-B9EF4C2C55B2}.Release|x86.Build.0 = Release|Any CPU
	EndGlobalSection
	GlobalSection(SolutionProperties) = preSolution
		HideSolutionNode = FALSE
	EndGlobalSection
	GlobalSection(NestedProjects) = preSolution
		{FD640D24-0FB7-4FC8-BFA8-C12F6585B650} = {E72D4358-082B-A65B-5E71-30B6AFF79371}
		{65288FFD-2E88-475E-BE96-1BD095F47F44} = {E72D4358-082B-A65B-5E71-30B6AFF79371}
		{07270EA0-5A7A-4CAE-BFB7-B9EF4C2C55B2} = {E72D4358-082B-A65B-5E71-30B6AFF79371}
	EndGlobalSection
EndGlobal
