
Microsoft Visual Studio Solution File, Format Version 12.00
# Visual Studio Version 16
VisualStudioVersion = 25.0.1706.14
MinimumVisualStudioVersion = 10.0.40219.1
Project("{FAE04EC0-301F-11D3-BF4B-00C04F79EFBC}") = "WebAssemblyApp", "WebAssemblyApp\WebAssemblyApp.csproj", "{B9C4B565-9BE2-4E5E-9C80-06FF36C0758B}"
EndProject
Project("{FAE04EC0-301F-11D3-BF4B-00C04F79EFBC}") = "ODataProject", "ODataProject\ODataProject.csproj", "{74E6DD02-BEDC-4AE6-A792-235BB9F6F79B}"
EndProject
Project("{FAE04EC0-301F-11D3-BF4B-00C04F79EFBC}") = "ClassLibrary", "ClassLibrary\ClassLibrary.csproj", "{DC1F607C-5C7C-4072-90B5-989238BC0A6D}"
EndProject
Global
	GlobalSection(SolutionConfigurationPlatforms) = preSolution
		Debug|Any CPU = Debug|Any CPU
		Release|Any CPU = Release|Any CPU
	EndGlobalSection
	GlobalSection(ProjectConfigurationPlatforms) = postSolution
		{B9C4B565-9BE2-4E5E-9C80-06FF36C0758B}.Debug|Any CPU.ActiveCfg = Debug|Any CPU
		{B9C4B565-9BE2-4E5E-9C80-06FF36C0758B}.Debug|Any CPU.Build.0 = Debug|Any CPU
		{B9C4B565-9BE2-4E5E-9C80-06FF36C0758B}.Release|Any CPU.ActiveCfg = Release|Any CPU
		{B9C4B565-9BE2-4E5E-9C80-06FF36C0758B}.Release|Any CPU.Build.0 = Release|Any CPU
		{74E6DD02-BEDC-4AE6-A792-235BB9F6F79B}.Debug|Any CPU.ActiveCfg = Debug|Any CPU
		{74E6DD02-BEDC-4AE6-A792-235BB9F6F79B}.Debug|Any CPU.Build.0 = Debug|Any CPU
		{74E6DD02-BEDC-4AE6-A792-235BB9F6F79B}.Release|Any CPU.ActiveCfg = Release|Any CPU
		{74E6DD02-BEDC-4AE6-A792-235BB9F6F79B}.Release|Any CPU.Build.0 = Release|Any CPU
		{DC1F607C-5C7C-4072-90B5-989238BC0A6D}.Debug|Any CPU.ActiveCfg = Debug|Any CPU
		{DC1F607C-5C7C-4072-90B5-989238BC0A6D}.Debug|Any CPU.Build.0 = Debug|Any CPU
		{DC1F607C-5C7C-4072-90B5-989238BC0A6D}.Release|Any CPU.ActiveCfg = Release|Any CPU
		{DC1F607C-5C7C-4072-90B5-989238BC0A6D}.Release|Any CPU.Build.0 = Release|Any CPU
	EndGlobalSection
	GlobalSection(SolutionProperties) = preSolution
		HideSolutionNode = FALSE
	EndGlobalSection
	GlobalSection(ExtensibilityGlobals) = postSolution
		SolutionGuid = {2195FE8D-0460-4D7A-85EE-7B830ED63B0A}
	EndGlobalSection
EndGlobal
